// !$*UTF8*$!
{
	archiveVersion = 1;
	classes = {
	};
	objectVersion = 56;
	objects = {

/* Begin PBXBuildFile section */
		0A5B8A692A29D4FA0019CC77 /* DraggableModifier.swift in Sources */ = {isa = PBXBuildFile; fileRef = 0A5B8A682A29D4FA0019CC77 /* DraggableModifier.swift */; };
		0A7A07CC2A2727F000D4CB2F /* MainHomeViewModel.swift in Sources */ = {isa = PBXBuildFile; fileRef = 0A7A07CB2A2727F000D4CB2F /* MainHomeViewModel.swift */; };
		0A7A07CE2A2728C200D4CB2F /* EnumColor.swift in Sources */ = {isa = PBXBuildFile; fileRef = 0A7A07CD2A2728C200D4CB2F /* EnumColor.swift */; };
		0A7A07D32A2792A500D4CB2F /* HistoryView.swift in Sources */ = {isa = PBXBuildFile; fileRef = 0A7A07D22A2792A500D4CB2F /* HistoryView.swift */; };
		0A7A07D52A27936700D4CB2F /* SubTitle.swift in Sources */ = {isa = PBXBuildFile; fileRef = 0A7A07D42A27936700D4CB2F /* SubTitle.swift */; };
		0A7A07D72A27D85200D4CB2F /* TimeLabelViewModel.swift in Sources */ = {isa = PBXBuildFile; fileRef = 0A7A07D62A27D85200D4CB2F /* TimeLabelViewModel.swift */; };
		0A8D64C72A25CFB900D7D5BD /* Task.swift in Sources */ = {isa = PBXBuildFile; fileRef = 0A8D64C62A25CFB900D7D5BD /* Task.swift */; };
		0A8D64CA2A25D25600D7D5BD /* TaskEditView.swift in Sources */ = {isa = PBXBuildFile; fileRef = 0A8D64C92A25D25600D7D5BD /* TaskEditView.swift */; };
		0A8D64CF2A25DF5400D7D5BD /* DataStorageProtocol.swift in Sources */ = {isa = PBXBuildFile; fileRef = 0A8D64CE2A25DF5400D7D5BD /* DataStorageProtocol.swift */; };
		0A8D64D22A25EFDA00D7D5BD /* TaskEditViewModel.swift in Sources */ = {isa = PBXBuildFile; fileRef = 0A8D64D12A25EFDA00D7D5BD /* TaskEditViewModel.swift */; };
		0A8D64D52A2708AE00D7D5BD /* RealmSwift in Frameworks */ = {isa = PBXBuildFile; productRef = 0A8D64D42A2708AE00D7D5BD /* RealmSwift */; };
		0A8D64D82A270B8800D7D5BD /* RealmLocalDataBase.swift in Sources */ = {isa = PBXBuildFile; fileRef = 0A8D64D72A270B8800D7D5BD /* RealmLocalDataBase.swift */; };
		0A90CD162A0DF45800F306B8 /* PLANNERApp.swift in Sources */ = {isa = PBXBuildFile; fileRef = 0A90CD152A0DF45800F306B8 /* PLANNERApp.swift */; };
		0A90CD182A0DF45800F306B8 /* ContentView.swift in Sources */ = {isa = PBXBuildFile; fileRef = 0A90CD172A0DF45800F306B8 /* ContentView.swift */; };
		0A90CD1A2A0DF45900F306B8 /* Assets.xcassets in Resources */ = {isa = PBXBuildFile; fileRef = 0A90CD192A0DF45900F306B8 /* Assets.xcassets */; };
		0A90CD1D2A0DF45900F306B8 /* Preview Assets.xcassets in Resources */ = {isa = PBXBuildFile; fileRef = 0A90CD1C2A0DF45900F306B8 /* Preview Assets.xcassets */; };
		0A90CD272A0DF45900F306B8 /* PLANNERTests.swift in Sources */ = {isa = PBXBuildFile; fileRef = 0A90CD262A0DF45900F306B8 /* PLANNERTests.swift */; };
		0A90CD312A0DF45900F306B8 /* PLANNERUITests.swift in Sources */ = {isa = PBXBuildFile; fileRef = 0A90CD302A0DF45900F306B8 /* PLANNERUITests.swift */; };
		0A90CD332A0DF45900F306B8 /* PLANNERUITestsLaunchTests.swift in Sources */ = {isa = PBXBuildFile; fileRef = 0A90CD322A0DF45900F306B8 /* PLANNERUITestsLaunchTests.swift */; };
		0A90CD412A0DF55B00F306B8 /* MainView.swift in Sources */ = {isa = PBXBuildFile; fileRef = 0A90CD402A0DF55B00F306B8 /* MainView.swift */; };
		0A90CD432A0E3E1000F306B8 /* TimeLabelView.swift in Sources */ = {isa = PBXBuildFile; fileRef = 0A90CD422A0E3E1000F306B8 /* TimeLabelView.swift */; };
		0AEA49272A127E5A001D9099 /* NavigationBarView.swift in Sources */ = {isa = PBXBuildFile; fileRef = 0AEA49262A127E5A001D9099 /* NavigationBarView.swift */; };
		0AEA492A2A127F76001D9099 /* Enums.swift in Sources */ = {isa = PBXBuildFile; fileRef = 0AEA49292A127F76001D9099 /* Enums.swift */; };
		0AF4A7AC2A1C858C00085DFE /* ColorPaletteView.swift in Sources */ = {isa = PBXBuildFile; fileRef = 0AF4A7AB2A1C858C00085DFE /* ColorPaletteView.swift */; };
		0AF4A7B02A1C8B0A00085DFE /* ShareVar.swift in Sources */ = {isa = PBXBuildFile; fileRef = 0AF4A7AF2A1C8B0A00085DFE /* ShareVar.swift */; };
/* End PBXBuildFile section */

/* Begin PBXContainerItemProxy section */
		0A90CD232A0DF45900F306B8 /* PBXContainerItemProxy */ = {
			isa = PBXContainerItemProxy;
			containerPortal = 0A90CD0A2A0DF45800F306B8 /* Project object */;
			proxyType = 1;
			remoteGlobalIDString = 0A90CD112A0DF45800F306B8;
			remoteInfo = PLANNER;
		};
		0A90CD2D2A0DF45900F306B8 /* PBXContainerItemProxy */ = {
			isa = PBXContainerItemProxy;
			containerPortal = 0A90CD0A2A0DF45800F306B8 /* Project object */;
			proxyType = 1;
			remoteGlobalIDString = 0A90CD112A0DF45800F306B8;
			remoteInfo = PLANNER;
		};
/* End PBXContainerItemProxy section */

/* Begin PBXFileReference section */
		0A5B8A682A29D4FA0019CC77 /* DraggableModifier.swift */ = {isa = PBXFileReference; lastKnownFileType = sourcecode.swift; path = DraggableModifier.swift; sourceTree = "<group>"; };
		0A7A07CB2A2727F000D4CB2F /* MainHomeViewModel.swift */ = {isa = PBXFileReference; lastKnownFileType = sourcecode.swift; path = MainHomeViewModel.swift; sourceTree = "<group>"; };
		0A7A07CD2A2728C200D4CB2F /* EnumColor.swift */ = {isa = PBXFileReference; lastKnownFileType = sourcecode.swift; path = EnumColor.swift; sourceTree = "<group>"; };
		0A7A07D22A2792A500D4CB2F /* HistoryView.swift */ = {isa = PBXFileReference; lastKnownFileType = sourcecode.swift; path = HistoryView.swift; sourceTree = "<group>"; };
		0A7A07D42A27936700D4CB2F /* SubTitle.swift */ = {isa = PBXFileReference; lastKnownFileType = sourcecode.swift; path = SubTitle.swift; sourceTree = "<group>"; };
		0A7A07D62A27D85200D4CB2F /* TimeLabelViewModel.swift */ = {isa = PBXFileReference; lastKnownFileType = sourcecode.swift; path = TimeLabelViewModel.swift; sourceTree = "<group>"; };
		0A8D64C62A25CFB900D7D5BD /* Task.swift */ = {isa = PBXFileReference; lastKnownFileType = sourcecode.swift; path = Task.swift; sourceTree = "<group>"; };
		0A8D64C92A25D25600D7D5BD /* TaskEditView.swift */ = {isa = PBXFileReference; lastKnownFileType = sourcecode.swift; path = TaskEditView.swift; sourceTree = "<group>"; };
		0A8D64CE2A25DF5400D7D5BD /* DataStorageProtocol.swift */ = {isa = PBXFileReference; lastKnownFileType = sourcecode.swift; path = DataStorageProtocol.swift; sourceTree = "<group>"; };
		0A8D64D12A25EFDA00D7D5BD /* TaskEditViewModel.swift */ = {isa = PBXFileReference; lastKnownFileType = sourcecode.swift; path = TaskEditViewModel.swift; sourceTree = "<group>"; };
		0A8D64D72A270B8800D7D5BD /* RealmLocalDataBase.swift */ = {isa = PBXFileReference; lastKnownFileType = sourcecode.swift; path = RealmLocalDataBase.swift; sourceTree = "<group>"; };
		0A90CD122A0DF45800F306B8 /* PLANNER.app */ = {isa = PBXFileReference; explicitFileType = wrapper.application; includeInIndex = 0; path = PLANNER.app; sourceTree = BUILT_PRODUCTS_DIR; };
		0A90CD152A0DF45800F306B8 /* PLANNERApp.swift */ = {isa = PBXFileReference; lastKnownFileType = sourcecode.swift; path = PLANNERApp.swift; sourceTree = "<group>"; };
		0A90CD172A0DF45800F306B8 /* ContentView.swift */ = {isa = PBXFileReference; lastKnownFileType = sourcecode.swift; path = ContentView.swift; sourceTree = "<group>"; };
		0A90CD192A0DF45900F306B8 /* Assets.xcassets */ = {isa = PBXFileReference; lastKnownFileType = folder.assetcatalog; path = Assets.xcassets; sourceTree = "<group>"; };
		0A90CD1C2A0DF45900F306B8 /* Preview Assets.xcassets */ = {isa = PBXFileReference; lastKnownFileType = folder.assetcatalog; path = "Preview Assets.xcassets"; sourceTree = "<group>"; };
		0A90CD222A0DF45900F306B8 /* PLANNERTests.xctest */ = {isa = PBXFileReference; explicitFileType = wrapper.cfbundle; includeInIndex = 0; path = PLANNERTests.xctest; sourceTree = BUILT_PRODUCTS_DIR; };
		0A90CD262A0DF45900F306B8 /* PLANNERTests.swift */ = {isa = PBXFileReference; lastKnownFileType = sourcecode.swift; path = PLANNERTests.swift; sourceTree = "<group>"; };
		0A90CD2C2A0DF45900F306B8 /* PLANNERUITests.xctest */ = {isa = PBXFileReference; explicitFileType = wrapper.cfbundle; includeInIndex = 0; path = PLANNERUITests.xctest; sourceTree = BUILT_PRODUCTS_DIR; };
		0A90CD302A0DF45900F306B8 /* PLANNERUITests.swift */ = {isa = PBXFileReference; lastKnownFileType = sourcecode.swift; path = PLANNERUITests.swift; sourceTree = "<group>"; };
		0A90CD322A0DF45900F306B8 /* PLANNERUITestsLaunchTests.swift */ = {isa = PBXFileReference; lastKnownFileType = sourcecode.swift; path = PLANNERUITestsLaunchTests.swift; sourceTree = "<group>"; };
		0A90CD402A0DF55B00F306B8 /* MainView.swift */ = {isa = PBXFileReference; lastKnownFileType = sourcecode.swift; path = MainView.swift; sourceTree = "<group>"; };
		0A90CD422A0E3E1000F306B8 /* TimeLabelView.swift */ = {isa = PBXFileReference; lastKnownFileType = sourcecode.swift; path = TimeLabelView.swift; sourceTree = "<group>"; };
		0AEA49262A127E5A001D9099 /* NavigationBarView.swift */ = {isa = PBXFileReference; lastKnownFileType = sourcecode.swift; path = NavigationBarView.swift; sourceTree = "<group>"; };
		0AEA49292A127F76001D9099 /* Enums.swift */ = {isa = PBXFileReference; lastKnownFileType = sourcecode.swift; path = Enums.swift; sourceTree = "<group>"; };
		0AF4A7AB2A1C858C00085DFE /* ColorPaletteView.swift */ = {isa = PBXFileReference; lastKnownFileType = sourcecode.swift; path = ColorPaletteView.swift; sourceTree = "<group>"; };
		0AF4A7AF2A1C8B0A00085DFE /* ShareVar.swift */ = {isa = PBXFileReference; lastKnownFileType = sourcecode.swift; path = ShareVar.swift; sourceTree = "<group>"; };
/* End PBXFileReference section */

/* Begin PBXFrameworksBuildPhase section */
		0A90CD0F2A0DF45800F306B8 /* Frameworks */ = {
			isa = PBXFrameworksBuildPhase;
			buildActionMask = 2147483647;
			files = (
				0A8D64D52A2708AE00D7D5BD /* RealmSwift in Frameworks */,
			);
			runOnlyForDeploymentPostprocessing = 0;
		};
		0A90CD1F2A0DF45900F306B8 /* Frameworks */ = {
			isa = PBXFrameworksBuildPhase;
			buildActionMask = 2147483647;
			files = (
			);
			runOnlyForDeploymentPostprocessing = 0;
		};
		0A90CD292A0DF45900F306B8 /* Frameworks */ = {
			isa = PBXFrameworksBuildPhase;
			buildActionMask = 2147483647;
			files = (
			);
			runOnlyForDeploymentPostprocessing = 0;
		};
/* End PBXFrameworksBuildPhase section */

/* Begin PBXGroup section */
		0A5B8A642A29D4CD0019CC77 /* Home */ = {
			isa = PBXGroup;
			children = (
				0A90CD402A0DF55B00F306B8 /* MainView.swift */,
			);
			path = Home;
			sourceTree = "<group>";
		};
		0A5B8A672A29D4ED0019CC77 /* Modifier */ = {
			isa = PBXGroup;
			children = (
				0A5B8A682A29D4FA0019CC77 /* DraggableModifier.swift */,
			);
			path = Modifier;
			sourceTree = "<group>";
		};
		0A7A07D12A27929B00D4CB2F /* History */ = {
			isa = PBXGroup;
			children = (
				0A7A07D22A2792A500D4CB2F /* HistoryView.swift */,
			);
			path = History;
			sourceTree = "<group>";
		};
		0A8D64C52A25CFA800D7D5BD /* Data */ = {
			isa = PBXGroup;
			children = (
				0A8D64C62A25CFB900D7D5BD /* Task.swift */,
			);
			path = Data;
			sourceTree = "<group>";
		};
		0A8D64C82A25D25000D7D5BD /* Edit */ = {
			isa = PBXGroup;
			children = (
				0A8D64C92A25D25600D7D5BD /* TaskEditView.swift */,
			);
			path = Edit;
			sourceTree = "<group>";
		};
		0A8D64CB2A25DC0100D7D5BD /* Protocol */ = {
			isa = PBXGroup;
			children = (
				0A8D64CE2A25DF5400D7D5BD /* DataStorageProtocol.swift */,
			);
			path = Protocol;
			sourceTree = "<group>";
		};
		0A8D64D02A25EFAE00D7D5BD /* ViewModel */ = {
			isa = PBXGroup;
			children = (
				0A8D64D62A270B6F00D7D5BD /* Local */,
				0A8D64D12A25EFDA00D7D5BD /* TaskEditViewModel.swift */,
				0A7A07CB2A2727F000D4CB2F /* MainHomeViewModel.swift */,
				0A7A07D62A27D85200D4CB2F /* TimeLabelViewModel.swift */,
			);
			path = ViewModel;
			sourceTree = "<group>";
		};
		0A8D64D62A270B6F00D7D5BD /* Local */ = {
			isa = PBXGroup;
			children = (
				0A8D64D72A270B8800D7D5BD /* RealmLocalDataBase.swift */,
			);
			path = Local;
			sourceTree = "<group>";
		};
		0A90CD092A0DF45800F306B8 = {
			isa = PBXGroup;
			children = (
				0A90CD142A0DF45800F306B8 /* PLANNER */,
				0A90CD252A0DF45900F306B8 /* PLANNERTests */,
				0A90CD2F2A0DF45900F306B8 /* PLANNERUITests */,
				0A90CD132A0DF45800F306B8 /* Products */,
			);
			sourceTree = "<group>";
		};
		0A90CD132A0DF45800F306B8 /* Products */ = {
			isa = PBXGroup;
			children = (
				0A90CD122A0DF45800F306B8 /* PLANNER.app */,
				0A90CD222A0DF45900F306B8 /* PLANNERTests.xctest */,
				0A90CD2C2A0DF45900F306B8 /* PLANNERUITests.xctest */,
			);
			name = Products;
			sourceTree = "<group>";
		};
		0A90CD142A0DF45800F306B8 /* PLANNER */ = {
			isa = PBXGroup;
			children = (
				0AF4A7AE2A1C8AF700085DFE /* Share */,
				0A8D64CB2A25DC0100D7D5BD /* Protocol */,
				0AEA49282A127F61001D9099 /* Enum */,
				0A90CD3F2A0DF54900F306B8 /* Main */,
				0AF4A7AA2A1C857E00085DFE /* View */,
				0A8D64D02A25EFAE00D7D5BD /* ViewModel */,
				0A8D64C52A25CFA800D7D5BD /* Data */,
				0AEA49252A127E3B001D9099 /* Public */,
				0A90CD152A0DF45800F306B8 /* PLANNERApp.swift */,
				0A90CD172A0DF45800F306B8 /* ContentView.swift */,
				0A90CD192A0DF45900F306B8 /* Assets.xcassets */,
				0A90CD1B2A0DF45900F306B8 /* Preview Content */,
			);
			path = PLANNER;
			sourceTree = "<group>";
		};
		0A90CD1B2A0DF45900F306B8 /* Preview Content */ = {
			isa = PBXGroup;
			children = (
				0A90CD1C2A0DF45900F306B8 /* Preview Assets.xcassets */,
			);
			path = "Preview Content";
			sourceTree = "<group>";
		};
		0A90CD252A0DF45900F306B8 /* PLANNERTests */ = {
			isa = PBXGroup;
			children = (
				0A90CD262A0DF45900F306B8 /* PLANNERTests.swift */,
			);
			path = PLANNERTests;
			sourceTree = "<group>";
		};
		0A90CD2F2A0DF45900F306B8 /* PLANNERUITests */ = {
			isa = PBXGroup;
			children = (
				0A90CD302A0DF45900F306B8 /* PLANNERUITests.swift */,
				0A90CD322A0DF45900F306B8 /* PLANNERUITestsLaunchTests.swift */,
			);
			path = PLANNERUITests;
			sourceTree = "<group>";
		};
		0A90CD3F2A0DF54900F306B8 /* Main */ = {
			isa = PBXGroup;
			children = (
				0A5B8A642A29D4CD0019CC77 /* Home */,
				0A7A07D12A27929B00D4CB2F /* History */,
				0A8D64C82A25D25000D7D5BD /* Edit */,
				0A90CD422A0E3E1000F306B8 /* TimeLabelView.swift */,
			);
			path = Main;
			sourceTree = "<group>";
		};
		0AEA49252A127E3B001D9099 /* Public */ = {
			isa = PBXGroup;
			children = (
				0AEA49262A127E5A001D9099 /* NavigationBarView.swift */,
			);
			path = Public;
			sourceTree = "<group>";
		};
		0AEA49282A127F61001D9099 /* Enum */ = {
			isa = PBXGroup;
			children = (
				0AEA49292A127F76001D9099 /* Enums.swift */,
				0A7A07CD2A2728C200D4CB2F /* EnumColor.swift */,
			);
			path = Enum;
			sourceTree = "<group>";
		};
		0AF4A7AA2A1C857E00085DFE /* View */ = {
			isa = PBXGroup;
			children = (
				0A5B8A672A29D4ED0019CC77 /* Modifier */,
				0AF4A7AB2A1C858C00085DFE /* ColorPaletteView.swift */,
				0A7A07D42A27936700D4CB2F /* SubTitle.swift */,
			);
			path = View;
			sourceTree = "<group>";
		};
		0AF4A7AE2A1C8AF700085DFE /* Share */ = {
			isa = PBXGroup;
			children = (
				0AF4A7AF2A1C8B0A00085DFE /* ShareVar.swift */,
			);
			path = Share;
			sourceTree = "<group>";
		};
/* End PBXGroup section */

/* Begin PBXNativeTarget section */
		0A90CD112A0DF45800F306B8 /* PLANNER */ = {
			isa = PBXNativeTarget;
			buildConfigurationList = 0A90CD362A0DF45900F306B8 /* Build configuration list for PBXNativeTarget "PLANNER" */;
			buildPhases = (
				0A90CD0E2A0DF45800F306B8 /* Sources */,
				0A90CD0F2A0DF45800F306B8 /* Frameworks */,
				0A90CD102A0DF45800F306B8 /* Resources */,
			);
			buildRules = (
			);
			dependencies = (
			);
			name = PLANNER;
			packageProductDependencies = (
				0A8D64D42A2708AE00D7D5BD /* RealmSwift */,
			);
			productName = PLANNER;
			productReference = 0A90CD122A0DF45800F306B8 /* PLANNER.app */;
			productType = "com.apple.product-type.application";
		};
		0A90CD212A0DF45900F306B8 /* PLANNERTests */ = {
			isa = PBXNativeTarget;
			buildConfigurationList = 0A90CD392A0DF45900F306B8 /* Build configuration list for PBXNativeTarget "PLANNERTests" */;
			buildPhases = (
				0A90CD1E2A0DF45900F306B8 /* Sources */,
				0A90CD1F2A0DF45900F306B8 /* Frameworks */,
				0A90CD202A0DF45900F306B8 /* Resources */,
			);
			buildRules = (
			);
			dependencies = (
				0A90CD242A0DF45900F306B8 /* PBXTargetDependency */,
			);
			name = PLANNERTests;
			productName = PLANNERTests;
			productReference = 0A90CD222A0DF45900F306B8 /* PLANNERTests.xctest */;
			productType = "com.apple.product-type.bundle.unit-test";
		};
		0A90CD2B2A0DF45900F306B8 /* PLANNERUITests */ = {
			isa = PBXNativeTarget;
			buildConfigurationList = 0A90CD3C2A0DF45900F306B8 /* Build configuration list for PBXNativeTarget "PLANNERUITests" */;
			buildPhases = (
				0A90CD282A0DF45900F306B8 /* Sources */,
				0A90CD292A0DF45900F306B8 /* Frameworks */,
				0A90CD2A2A0DF45900F306B8 /* Resources */,
			);
			buildRules = (
			);
			dependencies = (
				0A90CD2E2A0DF45900F306B8 /* PBXTargetDependency */,
			);
			name = PLANNERUITests;
			productName = PLANNERUITests;
			productReference = 0A90CD2C2A0DF45900F306B8 /* PLANNERUITests.xctest */;
			productType = "com.apple.product-type.bundle.ui-testing";
		};
/* End PBXNativeTarget section */

/* Begin PBXProject section */
		0A90CD0A2A0DF45800F306B8 /* Project object */ = {
			isa = PBXProject;
			attributes = {
				BuildIndependentTargetsInParallel = 1;
				LastSwiftUpdateCheck = 1420;
				LastUpgradeCheck = 1420;
				TargetAttributes = {
					0A90CD112A0DF45800F306B8 = {
						CreatedOnToolsVersion = 14.2;
					};
					0A90CD212A0DF45900F306B8 = {
						CreatedOnToolsVersion = 14.2;
						TestTargetID = 0A90CD112A0DF45800F306B8;
					};
					0A90CD2B2A0DF45900F306B8 = {
						CreatedOnToolsVersion = 14.2;
						TestTargetID = 0A90CD112A0DF45800F306B8;
					};
				};
			};
			buildConfigurationList = 0A90CD0D2A0DF45800F306B8 /* Build configuration list for PBXProject "PLANNER" */;
			compatibilityVersion = "Xcode 14.0";
			developmentRegion = en;
			hasScannedForEncodings = 0;
			knownRegions = (
				en,
				Base,
			);
			mainGroup = 0A90CD092A0DF45800F306B8;
			packageReferences = (
				0A8D64D32A2708AE00D7D5BD /* XCRemoteSwiftPackageReference "realm-swift" */,
			);
			productRefGroup = 0A90CD132A0DF45800F306B8 /* Products */;
			projectDirPath = "";
			projectRoot = "";
			targets = (
				0A90CD112A0DF45800F306B8 /* PLANNER */,
				0A90CD212A0DF45900F306B8 /* PLANNERTests */,
				0A90CD2B2A0DF45900F306B8 /* PLANNERUITests */,
			);
		};
/* End PBXProject section */

/* Begin PBXResourcesBuildPhase section */
		0A90CD102A0DF45800F306B8 /* Resources */ = {
			isa = PBXResourcesBuildPhase;
			buildActionMask = 2147483647;
			files = (
				0A90CD1D2A0DF45900F306B8 /* Preview Assets.xcassets in Resources */,
				0A90CD1A2A0DF45900F306B8 /* Assets.xcassets in Resources */,
			);
			runOnlyForDeploymentPostprocessing = 0;
		};
		0A90CD202A0DF45900F306B8 /* Resources */ = {
			isa = PBXResourcesBuildPhase;
			buildActionMask = 2147483647;
			files = (
			);
			runOnlyForDeploymentPostprocessing = 0;
		};
		0A90CD2A2A0DF45900F306B8 /* Resources */ = {
			isa = PBXResourcesBuildPhase;
			buildActionMask = 2147483647;
			files = (
			);
			runOnlyForDeploymentPostprocessing = 0;
		};
/* End PBXResourcesBuildPhase section */

/* Begin PBXSourcesBuildPhase section */
		0A90CD0E2A0DF45800F306B8 /* Sources */ = {
			isa = PBXSourcesBuildPhase;
			buildActionMask = 2147483647;
			files = (
				0AF4A7B02A1C8B0A00085DFE /* ShareVar.swift in Sources */,
				0A7A07D52A27936700D4CB2F /* SubTitle.swift in Sources */,
				0A8D64D22A25EFDA00D7D5BD /* TaskEditViewModel.swift in Sources */,
				0A8D64C72A25CFB900D7D5BD /* Task.swift in Sources */,
				0A7A07D72A27D85200D4CB2F /* TimeLabelViewModel.swift in Sources */,
				0A90CD432A0E3E1000F306B8 /* TimeLabelView.swift in Sources */,
				0A90CD182A0DF45800F306B8 /* ContentView.swift in Sources */,
				0A8D64CF2A25DF5400D7D5BD /* DataStorageProtocol.swift in Sources */,
				0AEA492A2A127F76001D9099 /* Enums.swift in Sources */,
				0A90CD412A0DF55B00F306B8 /* MainView.swift in Sources */,
				0A5B8A692A29D4FA0019CC77 /* DraggableModifier.swift in Sources */,
				0A90CD162A0DF45800F306B8 /* PLANNERApp.swift in Sources */,
				0A7A07CC2A2727F000D4CB2F /* MainHomeViewModel.swift in Sources */,
				0A8D64D82A270B8800D7D5BD /* RealmLocalDataBase.swift in Sources */,
				0A8D64CA2A25D25600D7D5BD /* TaskEditView.swift in Sources */,
				0AF4A7AC2A1C858C00085DFE /* ColorPaletteView.swift in Sources */,
				0A7A07CE2A2728C200D4CB2F /* EnumColor.swift in Sources */,
				0A7A07D32A2792A500D4CB2F /* HistoryView.swift in Sources */,
				0AEA49272A127E5A001D9099 /* NavigationBarView.swift in Sources */,
			);
			runOnlyForDeploymentPostprocessing = 0;
		};
		0A90CD1E2A0DF45900F306B8 /* Sources */ = {
			isa = PBXSourcesBuildPhase;
			buildActionMask = 2147483647;
			files = (
				0A90CD272A0DF45900F306B8 /* PLANNERTests.swift in Sources */,
			);
			runOnlyForDeploymentPostprocessing = 0;
		};
		0A90CD282A0DF45900F306B8 /* Sources */ = {
			isa = PBXSourcesBuildPhase;
			buildActionMask = 2147483647;
			files = (
				0A90CD312A0DF45900F306B8 /* PLANNERUITests.swift in Sources */,
				0A90CD332A0DF45900F306B8 /* PLANNERUITestsLaunchTests.swift in Sources */,
			);
			runOnlyForDeploymentPostprocessing = 0;
		};
/* End PBXSourcesBuildPhase section */

/* Begin PBXTargetDependency section */
		0A90CD242A0DF45900F306B8 /* PBXTargetDependency */ = {
			isa = PBXTargetDependency;
			target = 0A90CD112A0DF45800F306B8 /* PLANNER */;
			targetProxy = 0A90CD232A0DF45900F306B8 /* PBXContainerItemProxy */;
		};
		0A90CD2E2A0DF45900F306B8 /* PBXTargetDependency */ = {
			isa = PBXTargetDependency;
			target = 0A90CD112A0DF45800F306B8 /* PLANNER */;
			targetProxy = 0A90CD2D2A0DF45900F306B8 /* PBXContainerItemProxy */;
		};
/* End PBXTargetDependency section */

/* Begin XCBuildConfiguration section */
		0A90CD342A0DF45900F306B8 /* Debug */ = {
			isa = XCBuildConfiguration;
			buildSettings = {
				ALWAYS_SEARCH_USER_PATHS = NO;
				CLANG_ANALYZER_NONNULL = YES;
				CLANG_ANALYZER_NUMBER_OBJECT_CONVERSION = YES_AGGRESSIVE;
				CLANG_CXX_LANGUAGE_STANDARD = "gnu++20";
				CLANG_ENABLE_MODULES = YES;
				CLANG_ENABLE_OBJC_ARC = YES;
				CLANG_ENABLE_OBJC_WEAK = YES;
				CLANG_WARN_BLOCK_CAPTURE_AUTORELEASING = YES;
				CLANG_WARN_BOOL_CONVERSION = YES;
				CLANG_WARN_COMMA = YES;
				CLANG_WARN_CONSTANT_CONVERSION = YES;
				CLANG_WARN_DEPRECATED_OBJC_IMPLEMENTATIONS = YES;
				CLANG_WARN_DIRECT_OBJC_ISA_USAGE = YES_ERROR;
				CLANG_WARN_DOCUMENTATION_COMMENTS = YES;
				CLANG_WARN_EMPTY_BODY = YES;
				CLANG_WARN_ENUM_CONVERSION = YES;
				CLANG_WARN_INFINITE_RECURSION = YES;
				CLANG_WARN_INT_CONVERSION = YES;
				CLANG_WARN_NON_LITERAL_NULL_CONVERSION = YES;
				CLANG_WARN_OBJC_IMPLICIT_RETAIN_SELF = YES;
				CLANG_WARN_OBJC_LITERAL_CONVERSION = YES;
				CLANG_WARN_OBJC_ROOT_CLASS = YES_ERROR;
				CLANG_WARN_QUOTED_INCLUDE_IN_FRAMEWORK_HEADER = YES;
				CLANG_WARN_RANGE_LOOP_ANALYSIS = YES;
				CLANG_WARN_STRICT_PROTOTYPES = YES;
				CLANG_WARN_SUSPICIOUS_MOVE = YES;
				CLANG_WARN_UNGUARDED_AVAILABILITY = YES_AGGRESSIVE;
				CLANG_WARN_UNREACHABLE_CODE = YES;
				CLANG_WARN__DUPLICATE_METHOD_MATCH = YES;
				COPY_PHASE_STRIP = NO;
				DEBUG_INFORMATION_FORMAT = dwarf;
				ENABLE_STRICT_OBJC_MSGSEND = YES;
				ENABLE_TESTABILITY = YES;
				GCC_C_LANGUAGE_STANDARD = gnu11;
				GCC_DYNAMIC_NO_PIC = NO;
				GCC_NO_COMMON_BLOCKS = YES;
				GCC_OPTIMIZATION_LEVEL = 0;
				GCC_PREPROCESSOR_DEFINITIONS = (
					"DEBUG=1",
					"$(inherited)",
				);
				GCC_WARN_64_TO_32_BIT_CONVERSION = YES;
				GCC_WARN_ABOUT_RETURN_TYPE = YES_ERROR;
				GCC_WARN_UNDECLARED_SELECTOR = YES;
				GCC_WARN_UNINITIALIZED_AUTOS = YES_AGGRESSIVE;
				GCC_WARN_UNUSED_FUNCTION = YES;
				GCC_WARN_UNUSED_VARIABLE = YES;
				IPHONEOS_DEPLOYMENT_TARGET = 15.0;
				MTL_ENABLE_DEBUG_INFO = INCLUDE_SOURCE;
				MTL_FAST_MATH = YES;
				ONLY_ACTIVE_ARCH = YES;
				SDKROOT = iphoneos;
				SWIFT_ACTIVE_COMPILATION_CONDITIONS = DEBUG;
				SWIFT_OPTIMIZATION_LEVEL = "-Onone";
			};
			name = Debug;
		};
		0A90CD352A0DF45900F306B8 /* Release */ = {
			isa = XCBuildConfiguration;
			buildSettings = {
				ALWAYS_SEARCH_USER_PATHS = NO;
				CLANG_ANALYZER_NONNULL = YES;
				CLANG_ANALYZER_NUMBER_OBJECT_CONVERSION = YES_AGGRESSIVE;
				CLANG_CXX_LANGUAGE_STANDARD = "gnu++20";
				CLANG_ENABLE_MODULES = YES;
				CLANG_ENABLE_OBJC_ARC = YES;
				CLANG_ENABLE_OBJC_WEAK = YES;
				CLANG_WARN_BLOCK_CAPTURE_AUTORELEASING = YES;
				CLANG_WARN_BOOL_CONVERSION = YES;
				CLANG_WARN_COMMA = YES;
				CLANG_WARN_CONSTANT_CONVERSION = YES;
				CLANG_WARN_DEPRECATED_OBJC_IMPLEMENTATIONS = YES;
				CLANG_WARN_DIRECT_OBJC_ISA_USAGE = YES_ERROR;
				CLANG_WARN_DOCUMENTATION_COMMENTS = YES;
				CLANG_WARN_EMPTY_BODY = YES;
				CLANG_WARN_ENUM_CONVERSION = YES;
				CLANG_WARN_INFINITE_RECURSION = YES;
				CLANG_WARN_INT_CONVERSION = YES;
				CLANG_WARN_NON_LITERAL_NULL_CONVERSION = YES;
				CLANG_WARN_OBJC_IMPLICIT_RETAIN_SELF = YES;
				CLANG_WARN_OBJC_LITERAL_CONVERSION = YES;
				CLANG_WARN_OBJC_ROOT_CLASS = YES_ERROR;
				CLANG_WARN_QUOTED_INCLUDE_IN_FRAMEWORK_HEADER = YES;
				CLANG_WARN_RANGE_LOOP_ANALYSIS = YES;
				CLANG_WARN_STRICT_PROTOTYPES = YES;
				CLANG_WARN_SUSPICIOUS_MOVE = YES;
				CLANG_WARN_UNGUARDED_AVAILABILITY = YES_AGGRESSIVE;
				CLANG_WARN_UNREACHABLE_CODE = YES;
				CLANG_WARN__DUPLICATE_METHOD_MATCH = YES;
				COPY_PHASE_STRIP = NO;
				DEBUG_INFORMATION_FORMAT = "dwarf-with-dsym";
				ENABLE_NS_ASSERTIONS = NO;
				ENABLE_STRICT_OBJC_MSGSEND = YES;
				GCC_C_LANGUAGE_STANDARD = gnu11;
				GCC_NO_COMMON_BLOCKS = YES;
				GCC_WARN_64_TO_32_BIT_CONVERSION = YES;
				GCC_WARN_ABOUT_RETURN_TYPE = YES_ERROR;
				GCC_WARN_UNDECLARED_SELECTOR = YES;
				GCC_WARN_UNINITIALIZED_AUTOS = YES_AGGRESSIVE;
				GCC_WARN_UNUSED_FUNCTION = YES;
				GCC_WARN_UNUSED_VARIABLE = YES;
				IPHONEOS_DEPLOYMENT_TARGET = 15.0;
				MTL_ENABLE_DEBUG_INFO = NO;
				MTL_FAST_MATH = YES;
				SDKROOT = iphoneos;
				SWIFT_COMPILATION_MODE = wholemodule;
				SWIFT_OPTIMIZATION_LEVEL = "-O";
				VALIDATE_PRODUCT = YES;
			};
			name = Release;
		};
		0A90CD372A0DF45900F306B8 /* Debug */ = {
			isa = XCBuildConfiguration;
			buildSettings = {
				ASSETCATALOG_COMPILER_APPICON_NAME = AppIcon;
				ASSETCATALOG_COMPILER_GLOBAL_ACCENT_COLOR_NAME = AccentColor;
				CODE_SIGN_STYLE = Automatic;
				CURRENT_PROJECT_VERSION = 1;
				DEVELOPMENT_ASSET_PATHS = "\"PLANNER/Preview Content\"";
				DEVELOPMENT_TEAM = 4JR7PKLFY2;
				ENABLE_PREVIEWS = YES;
				GENERATE_INFOPLIST_FILE = YES;
				INFOPLIST_KEY_UIApplicationSceneManifest_Generation = YES;
				INFOPLIST_KEY_UIApplicationSupportsIndirectInputEvents = YES;
				INFOPLIST_KEY_UILaunchScreen_Generation = YES;
				INFOPLIST_KEY_UISupportedInterfaceOrientations_iPad = "UIInterfaceOrientationPortrait UIInterfaceOrientationPortraitUpsideDown UIInterfaceOrientationLandscapeLeft UIInterfaceOrientationLandscapeRight";
				INFOPLIST_KEY_UISupportedInterfaceOrientations_iPhone = "UIInterfaceOrientationPortrait UIInterfaceOrientationLandscapeLeft UIInterfaceOrientationLandscapeRight";
				LD_RUNPATH_SEARCH_PATHS = (
					"$(inherited)",
					"@executable_path/Frameworks",
				);
				MARKETING_VERSION = 1.0;
				PRODUCT_BUNDLE_IDENTIFIER = MinjiLee.PLANNER;
				PRODUCT_NAME = "$(TARGET_NAME)";
				SWIFT_EMIT_LOC_STRINGS = YES;
				SWIFT_VERSION = 5.0;
				TARGETED_DEVICE_FAMILY = "1,2";
			};
			name = Debug;
		};
		0A90CD382A0DF45900F306B8 /* Release */ = {
			isa = XCBuildConfiguration;
			buildSettings = {
				ASSETCATALOG_COMPILER_APPICON_NAME = AppIcon;
				ASSETCATALOG_COMPILER_GLOBAL_ACCENT_COLOR_NAME = AccentColor;
				CODE_SIGN_STYLE = Automatic;
				CURRENT_PROJECT_VERSION = 1;
				DEVELOPMENT_ASSET_PATHS = "\"PLANNER/Preview Content\"";
				DEVELOPMENT_TEAM = 4JR7PKLFY2;
				ENABLE_PREVIEWS = YES;
				GENERATE_INFOPLIST_FILE = YES;
				INFOPLIST_KEY_UIApplicationSceneManifest_Generation = YES;
				INFOPLIST_KEY_UIApplicationSupportsIndirectInputEvents = YES;
				INFOPLIST_KEY_UILaunchScreen_Generation = YES;
				INFOPLIST_KEY_UISupportedInterfaceOrientations_iPad = "UIInterfaceOrientationPortrait UIInterfaceOrientationPortraitUpsideDown UIInterfaceOrientationLandscapeLeft UIInterfaceOrientationLandscapeRight";
				INFOPLIST_KEY_UISupportedInterfaceOrientations_iPhone = "UIInterfaceOrientationPortrait UIInterfaceOrientationLandscapeLeft UIInterfaceOrientationLandscapeRight";
				LD_RUNPATH_SEARCH_PATHS = (
					"$(inherited)",
					"@executable_path/Frameworks",
				);
				MARKETING_VERSION = 1.0;
				PRODUCT_BUNDLE_IDENTIFIER = MinjiLee.PLANNER;
				PRODUCT_NAME = "$(TARGET_NAME)";
				SWIFT_EMIT_LOC_STRINGS = YES;
				SWIFT_VERSION = 5.0;
				TARGETED_DEVICE_FAMILY = "1,2";
			};
			name = Release;
		};
		0A90CD3A2A0DF45900F306B8 /* Debug */ = {
			isa = XCBuildConfiguration;
			buildSettings = {
				ALWAYS_EMBED_SWIFT_STANDARD_LIBRARIES = YES;
				BUNDLE_LOADER = "$(TEST_HOST)";
				CODE_SIGN_STYLE = Automatic;
				CURRENT_PROJECT_VERSION = 1;
				DEVELOPMENT_TEAM = 4JR7PKLFY2;
				GENERATE_INFOPLIST_FILE = YES;
				IPHONEOS_DEPLOYMENT_TARGET = 16.2;
				MARKETING_VERSION = 1.0;
				PRODUCT_BUNDLE_IDENTIFIER = MinjiLee.PLANNERTests;
				PRODUCT_NAME = "$(TARGET_NAME)";
				SWIFT_EMIT_LOC_STRINGS = NO;
				SWIFT_VERSION = 5.0;
				TARGETED_DEVICE_FAMILY = "1,2";
				TEST_HOST = "$(BUILT_PRODUCTS_DIR)/PLANNER.app/$(BUNDLE_EXECUTABLE_FOLDER_PATH)/PLANNER";
			};
			name = Debug;
		};
		0A90CD3B2A0DF45900F306B8 /* Release */ = {
			isa = XCBuildConfiguration;
			buildSettings = {
				ALWAYS_EMBED_SWIFT_STANDARD_LIBRARIES = YES;
				BUNDLE_LOADER = "$(TEST_HOST)";
				CODE_SIGN_STYLE = Automatic;
				CURRENT_PROJECT_VERSION = 1;
				DEVELOPMENT_TEAM = 4JR7PKLFY2;
				GENERATE_INFOPLIST_FILE = YES;
				IPHONEOS_DEPLOYMENT_TARGET = 16.2;
				MARKETING_VERSION = 1.0;
				PRODUCT_BUNDLE_IDENTIFIER = MinjiLee.PLANNERTests;
				PRODUCT_NAME = "$(TARGET_NAME)";
				SWIFT_EMIT_LOC_STRINGS = NO;
				SWIFT_VERSION = 5.0;
				TARGETED_DEVICE_FAMILY = "1,2";
				TEST_HOST = "$(BUILT_PRODUCTS_DIR)/PLANNER.app/$(BUNDLE_EXECUTABLE_FOLDER_PATH)/PLANNER";
			};
			name = Release;
		};
		0A90CD3D2A0DF45900F306B8 /* Debug */ = {
			isa = XCBuildConfiguration;
			buildSettings = {
				ALWAYS_EMBED_SWIFT_STANDARD_LIBRARIES = YES;
				CODE_SIGN_STYLE = Automatic;
				CURRENT_PROJECT_VERSION = 1;
				DEVELOPMENT_TEAM = 4JR7PKLFY2;
				GENERATE_INFOPLIST_FILE = YES;
				MARKETING_VERSION = 1.0;
				PRODUCT_BUNDLE_IDENTIFIER = MinjiLee.PLANNERUITests;
				PRODUCT_NAME = "$(TARGET_NAME)";
				SWIFT_EMIT_LOC_STRINGS = NO;
				SWIFT_VERSION = 5.0;
				TARGETED_DEVICE_FAMILY = "1,2";
				TEST_TARGET_NAME = PLANNER;
			};
			name = Debug;
		};
		0A90CD3E2A0DF45900F306B8 /* Release */ = {
			isa = XCBuildConfiguration;
			buildSettings = {
				ALWAYS_EMBED_SWIFT_STANDARD_LIBRARIES = YES;
				CODE_SIGN_STYLE = Automatic;
				CURRENT_PROJECT_VERSION = 1;
				DEVELOPMENT_TEAM = 4JR7PKLFY2;
				GENERATE_INFOPLIST_FILE = YES;
				MARKETING_VERSION = 1.0;
				PRODUCT_BUNDLE_IDENTIFIER = MinjiLee.PLANNERUITests;
				PRODUCT_NAME = "$(TARGET_NAME)";
				SWIFT_EMIT_LOC_STRINGS = NO;
				SWIFT_VERSION = 5.0;
				TARGETED_DEVICE_FAMILY = "1,2";
				TEST_TARGET_NAME = PLANNER;
			};
			name = Release;
		};
/* End XCBuildConfiguration section */

/* Begin XCConfigurationList section */
		0A90CD0D2A0DF45800F306B8 /* Build configuration list for PBXProject "PLANNER" */ = {
			isa = XCConfigurationList;
			buildConfigurations = (
				0A90CD342A0DF45900F306B8 /* Debug */,
				0A90CD352A0DF45900F306B8 /* Release */,
			);
			defaultConfigurationIsVisible = 0;
			defaultConfigurationName = Release;
		};
		0A90CD362A0DF45900F306B8 /* Build configuration list for PBXNativeTarget "PLANNER" */ = {
			isa = XCConfigurationList;
			buildConfigurations = (
				0A90CD372A0DF45900F306B8 /* Debug */,
				0A90CD382A0DF45900F306B8 /* Release */,
			);
			defaultConfigurationIsVisible = 0;
			defaultConfigurationName = Release;
		};
		0A90CD392A0DF45900F306B8 /* Build configuration list for PBXNativeTarget "PLANNERTests" */ = {
			isa = XCConfigurationList;
			buildConfigurations = (
				0A90CD3A2A0DF45900F306B8 /* Debug */,
				0A90CD3B2A0DF45900F306B8 /* Release */,
			);
			defaultConfigurationIsVisible = 0;
			defaultConfigurationName = Release;
		};
		0A90CD3C2A0DF45900F306B8 /* Build configuration list for PBXNativeTarget "PLANNERUITests" */ = {
			isa = XCConfigurationList;
			buildConfigurations = (
				0A90CD3D2A0DF45900F306B8 /* Debug */,
				0A90CD3E2A0DF45900F306B8 /* Release */,
			);
			defaultConfigurationIsVisible = 0;
			defaultConfigurationName = Release;
		};
/* End XCConfigurationList section */

/* Begin XCRemoteSwiftPackageReference section */
		0A8D64D32A2708AE00D7D5BD /* XCRemoteSwiftPackageReference "realm-swift" */ = {
			isa = XCRemoteSwiftPackageReference;
			repositoryURL = "https://github.com/realm/realm-swift.git";
			requirement = {
				branch = master;
				kind = branch;
			};
		};
/* End XCRemoteSwiftPackageReference section */

/* Begin XCSwiftPackageProductDependency section */
		0A8D64D42A2708AE00D7D5BD /* RealmSwift */ = {
			isa = XCSwiftPackageProductDependency;
			package = 0A8D64D32A2708AE00D7D5BD /* XCRemoteSwiftPackageReference "realm-swift" */;
			productName = RealmSwift;
		};
/* End XCSwiftPackageProductDependency section */
	};
	rootObject = 0A90CD0A2A0DF45800F306B8 /* Project object */;
}
